// !$*UTF8*$!
{
	archiveVersion = 1;
	classes = {
	};
	objectVersion = 46;
	objects = {

/* Begin PBXBuildFile section */
		2228BA5E48418C75FD289954 /* libPods-SplitPeaTests.a in Frameworks */ = {isa = PBXBuildFile; fileRef = 37A6498F1B0738BB0A401C40 /* libPods-SplitPeaTests.a */; };
		90F854DB944FE269376D59F5 /* libPods-SplitPea.a in Frameworks */ = {isa = PBXBuildFile; fileRef = 61A86BB25945254F119A401F /* libPods-SplitPea.a */; };
		A12659971A58F9A2009532E3 /* CaptureViewController.swift in Sources */ = {isa = PBXBuildFile; fileRef = A12659961A58F9A2009532E3 /* CaptureViewController.swift */; };
		A126599B1A590C1B009532E3 /* capture.png in Resources */ = {isa = PBXBuildFile; fileRef = A126599A1A590C1B009532E3 /* capture.png */; };
		A14211E01A8C1BD600ACA392 /* venmo.png in Resources */ = {isa = PBXBuildFile; fileRef = A14211DE1A8C1BD600ACA392 /* venmo.png */; };
		A14DC87B1AE566B0003E9262 /* ExistingUserLogInViewController.swift in Sources */ = {isa = PBXBuildFile; fileRef = A14DC87A1AE566B0003E9262 /* ExistingUserLogInViewController.swift */; };
		A15399EA1AD6ED6300987518 /* AddFriendToItemViewCell.swift in Sources */ = {isa = PBXBuildFile; fileRef = A15399E91AD6ED6300987518 /* AddFriendToItemViewCell.swift */; };
		A158C88B1ACDCA0A00FD3C36 /* AddFriendsToTabViewController.swift in Sources */ = {isa = PBXBuildFile; fileRef = A158C88A1ACDCA0A00FD3C36 /* AddFriendsToTabViewController.swift */; };
		A158C88D1ACDCA3700FD3C36 /* AddFriendsToItemViewController.swift in Sources */ = {isa = PBXBuildFile; fileRef = A158C88C1ACDCA3700FD3C36 /* AddFriendsToItemViewController.swift */; };
		A15DC8E61A5CC4BF0094F03E /* PaidViewController.swift in Sources */ = {isa = PBXBuildFile; fileRef = A15DC8E51A5CC4BF0094F03E /* PaidViewController.swift */; };
		A167FC411A93AEE40025B5CF /* AudioToolbox.framework in Frameworks */ = {isa = PBXBuildFile; fileRef = A167FC401A93AEE40025B5CF /* AudioToolbox.framework */; };
		A167FC431A93AEEA0025B5CF /* CFNetwork.framework in Frameworks */ = {isa = PBXBuildFile; fileRef = A167FC421A93AEEA0025B5CF /* CFNetwork.framework */; };
		A167FC451A93AEF20025B5CF /* CoreGraphics.framework in Frameworks */ = {isa = PBXBuildFile; fileRef = A167FC441A93AEF20025B5CF /* CoreGraphics.framework */; };
		A167FC471A93AEF90025B5CF /* CoreLocation.framework in Frameworks */ = {isa = PBXBuildFile; fileRef = A167FC461A93AEF90025B5CF /* CoreLocation.framework */; };
		A167FC491A93AF020025B5CF /* MobileCoreServices.framework in Frameworks */ = {isa = PBXBuildFile; fileRef = A167FC481A93AF020025B5CF /* MobileCoreServices.framework */; };
		A167FC4B1A93AF0B0025B5CF /* QuartzCore.framework in Frameworks */ = {isa = PBXBuildFile; fileRef = A167FC4A1A93AF0B0025B5CF /* QuartzCore.framework */; };
		A167FC4D1A93AF110025B5CF /* Security.framework in Frameworks */ = {isa = PBXBuildFile; fileRef = A167FC4C1A93AF110025B5CF /* Security.framework */; };
		A167FC4F1A93AF170025B5CF /* StoreKit.framework in Frameworks */ = {isa = PBXBuildFile; fileRef = A167FC4E1A93AF170025B5CF /* StoreKit.framework */; };
		A167FC511A93AF200025B5CF /* SystemConfiguration.framework in Frameworks */ = {isa = PBXBuildFile; fileRef = A167FC501A93AF200025B5CF /* SystemConfiguration.framework */; };
		A167FC571A93B36E0025B5CF /* libstdc++.6.dylib in Frameworks */ = {isa = PBXBuildFile; fileRef = A167FC561A93B36E0025B5CF /* libstdc++.6.dylib */; };
		A167FC7A1A93B80F0025B5CF /* Social.framework in Frameworks */ = {isa = PBXBuildFile; fileRef = A167FC741A93B67E0025B5CF /* Social.framework */; };
		A16940F41A61A1F400903CFF /* ProfileViewController.swift in Sources */ = {isa = PBXBuildFile; fileRef = A16940F31A61A1F400903CFF /* ProfileViewController.swift */; };
		A16940F81A6214F400903CFF /* FacebookConnectViewController.swift in Sources */ = {isa = PBXBuildFile; fileRef = A16940F71A6214F400903CFF /* FacebookConnectViewController.swift */; };
		A16FBB961A9D18F900EE97E8 /* icon_c.png in Resources */ = {isa = PBXBuildFile; fileRef = A16FBB951A9D18F900EE97E8 /* icon_c.png */; };
		A16FBB981A9D1D1900EE97E8 /* CurrentChecksViewCell.swift in Sources */ = {isa = PBXBuildFile; fileRef = A16FBB971A9D1D1900EE97E8 /* CurrentChecksViewCell.swift */; };
		A17089171AEEDDA400EF5844 /* Main.storyboard in Resources */ = {isa = PBXBuildFile; fileRef = A17089161AEEDDA400EF5844 /* Main.storyboard */; };
		A170891B1AEEEEA400EF5844 /* TipViewCell.swift in Sources */ = {isa = PBXBuildFile; fileRef = A170891A1AEEEEA400EF5844 /* TipViewCell.swift */; };
		A1719D801AEC172900820BD1 /* PaidViewCell.swift in Sources */ = {isa = PBXBuildFile; fileRef = A1719D7F1AEC172900820BD1 /* PaidViewCell.swift */; };
		A189FBBF1AFE4F0B00520ECC /* Launch Screen.xib in Resources */ = {isa = PBXBuildFile; fileRef = A189FBBE1AFE4F0B00520ECC /* Launch Screen.xib */; };
		A189FBC11AFE4F8500520ECC /* SplitPea Launch 640x960.png in Resources */ = {isa = PBXBuildFile; fileRef = A189FBC01AFE4F8500520ECC /* SplitPea Launch 640x960.png */; };
		A189FBC31AFE4F9600520ECC /* SplitPea Launch 640x1136.png in Resources */ = {isa = PBXBuildFile; fileRef = A189FBC21AFE4F9600520ECC /* SplitPea Launch 640x1136.png */; };
		A189FBC51AFE8AC900520ECC /* JSSAlertView.swift in Sources */ = {isa = PBXBuildFile; fileRef = A189FBC41AFE8AC900520ECC /* JSSAlertView.swift */; };
		A189FBC71AFE8FE200520ECC /* lightbulb.png in Resources */ = {isa = PBXBuildFile; fileRef = A189FBC61AFE8FE200520ECC /* lightbulb.png */; };
		A189FBC91AFE9C8100520ECC /* error.png in Resources */ = {isa = PBXBuildFile; fileRef = A189FBC81AFE9C8000520ECC /* error.png */; };
		A189FBCB1AFE9FE200520ECC /* success.png in Resources */ = {isa = PBXBuildFile; fileRef = A189FBCA1AFE9FE200520ECC /* success.png */; };
		A189FBCF1AFEA53D00520ECC /* ItemViewCell.swift in Sources */ = {isa = PBXBuildFile; fileRef = A189FBCE1AFEA53D00520ECC /* ItemViewCell.swift */; };
		A189FBD11AFEA56C00520ECC /* AddItemViewController.swift in Sources */ = {isa = PBXBuildFile; fileRef = A189FBD01AFEA56C00520ECC /* AddItemViewController.swift */; };
		A18F50351A8E757B009B8956 /* VenmoLoginViewController.m in Sources */ = {isa = PBXBuildFile; fileRef = A18F50341A8E757B009B8956 /* VenmoLoginViewController.m */; };
		A18F50391A8EA473009B8956 /* SignUpViewController.swift in Sources */ = {isa = PBXBuildFile; fileRef = A18F50381A8EA473009B8956 /* SignUpViewController.swift */; };
		A18F503D1A8EB285009B8956 /* icon_w.png in Resources */ = {isa = PBXBuildFile; fileRef = A18F503C1A8EB285009B8956 /* icon_w.png */; };
		A18F503F1A8ED60D009B8956 /* VenmoLoggedOutViewController.m in Sources */ = {isa = PBXBuildFile; fileRef = A18F503E1A8ED60D009B8956 /* VenmoLoggedOutViewController.m */; };
		A19BE01B1AFAA5FC0057E0DE /* landing.jpg in Resources */ = {isa = PBXBuildFile; fileRef = A19BE01A1AFAA5FC0057E0DE /* landing.jpg */; };
		A19BE01F1AFAB2DC0057E0DE /* peas.png in Resources */ = {isa = PBXBuildFile; fileRef = A19BE01E1AFAB2DC0057E0DE /* peas.png */; };
		A19BE0211AFD95E10057E0DE /* pea_graph.png in Resources */ = {isa = PBXBuildFile; fileRef = A19BE0201AFD95E00057E0DE /* pea_graph.png */; };
		A1BE640E19A500AE0086A868 /* AppDelegate.swift in Sources */ = {isa = PBXBuildFile; fileRef = A1BE640D19A500AE0086A868 /* AppDelegate.swift */; };
		A1BE641019A500AE0086A868 /* ViewController.swift in Sources */ = {isa = PBXBuildFile; fileRef = A1BE640F19A500AE0086A868 /* ViewController.swift */; };
		A1BE641519A500AE0086A868 /* Images.xcassets in Resources */ = {isa = PBXBuildFile; fileRef = A1BE641419A500AE0086A868 /* Images.xcassets */; };
		A1BE642119A500AE0086A868 /* SplitPeaTests.swift in Sources */ = {isa = PBXBuildFile; fileRef = A1BE642019A500AE0086A868 /* SplitPeaTests.swift */; };
		A1BE643B19AFDBB70086A868 /* Default.png in Resources */ = {isa = PBXBuildFile; fileRef = A1BE643919AFDBB70086A868 /* Default.png */; };
		A1BE644019AFDD460086A868 /* Default@2x.png in Resources */ = {isa = PBXBuildFile; fileRef = A1BE643F19AFDD460086A868 /* Default@2x.png */; };
		A1C5C9281A93B89F00274CBC /* Accounts.framework in Frameworks */ = {isa = PBXBuildFile; fileRef = A167FC761A93B6A60025B5CF /* Accounts.framework */; };
		A1C5C9291A93BB9C00274CBC /* libsqlite3.dylib in Frameworks */ = {isa = PBXBuildFile; fileRef = A167FC541A93AF340025B5CF /* libsqlite3.dylib */; };
		A1C5C92A1A93BBA900274CBC /* libz.dylib in Frameworks */ = {isa = PBXBuildFile; fileRef = A167FC521A93AF2D0025B5CF /* libz.dylib */; };
		A1C5C9311A93C36A00274CBC /* Parse.framework in Frameworks */ = {isa = PBXBuildFile; fileRef = A1C5C9301A93C36A00274CBC /* Parse.framework */; };
		A1D6A9CF1A5E0A19004A1934 /* settings.png in Resources */ = {isa = PBXBuildFile; fileRef = A1D6A9CE1A5E0A19004A1934 /* settings.png */; };
		A1D6A9D51A5EE0D4004A1934 /* SettingsTableViewController.swift in Sources */ = {isa = PBXBuildFile; fileRef = A1D6A9D41A5EE0D4004A1934 /* SettingsTableViewController.swift */; };
		A1D6A9D91A5EFB33004A1934 /* SettingsBar.swift in Sources */ = {isa = PBXBuildFile; fileRef = A1D6A9D81A5EFB33004A1934 /* SettingsBar.swift */; };
		A1D6A9DB1A5F20E4004A1934 /* CurrentChecksViewController.swift in Sources */ = {isa = PBXBuildFile; fileRef = A1D6A9DA1A5F20E4004A1934 /* CurrentChecksViewController.swift */; };
		A1DEAEBC1ACDD73F0032ED01 /* AddFriendViewCell.swift in Sources */ = {isa = PBXBuildFile; fileRef = A1DEAEBB1ACDD73F0032ED01 /* AddFriendViewCell.swift */; };
		A1F914BB1AB61BE60036039A /* FriendsCollectionViewCell.swift in Sources */ = {isa = PBXBuildFile; fileRef = A1F914BA1AB61BE60036039A /* FriendsCollectionViewCell.swift */; };
		A1F9CE7A1A570D5600176E38 /* ItemViewController.swift in Sources */ = {isa = PBXBuildFile; fileRef = A1F9CE791A570D5600176E38 /* ItemViewController.swift */; };
/* End PBXBuildFile section */

/* Begin PBXContainerItemProxy section */
		A1BE641B19A500AE0086A868 /* PBXContainerItemProxy */ = {
			isa = PBXContainerItemProxy;
			containerPortal = A1BE640019A500AE0086A868 /* Project object */;
			proxyType = 1;
			remoteGlobalIDString = A1BE640719A500AE0086A868;
			remoteInfo = SplitPea;
		};
/* End PBXContainerItemProxy section */

/* Begin PBXFileReference section */
		16542C287A94198FE697D549 /* Pods-SplitPeaTests.debug.xcconfig */ = {isa = PBXFileReference; includeInIndex = 1; lastKnownFileType = text.xcconfig; name = "Pods-SplitPeaTests.debug.xcconfig"; path = "Pods/Target Support Files/Pods-SplitPeaTests/Pods-SplitPeaTests.debug.xcconfig"; sourceTree = "<group>"; };
		37A6498F1B0738BB0A401C40 /* libPods-SplitPeaTests.a */ = {isa = PBXFileReference; explicitFileType = archive.ar; includeInIndex = 0; path = "libPods-SplitPeaTests.a"; sourceTree = BUILT_PRODUCTS_DIR; };
		61A86BB25945254F119A401F /* libPods-SplitPea.a */ = {isa = PBXFileReference; explicitFileType = archive.ar; includeInIndex = 0; path = "libPods-SplitPea.a"; sourceTree = BUILT_PRODUCTS_DIR; };
		84F9837BC73CA16338DC1F60 /* Pods-SplitPeaTests.release.xcconfig */ = {isa = PBXFileReference; includeInIndex = 1; lastKnownFileType = text.xcconfig; name = "Pods-SplitPeaTests.release.xcconfig"; path = "Pods/Target Support Files/Pods-SplitPeaTests/Pods-SplitPeaTests.release.xcconfig"; sourceTree = "<group>"; };
		A12659961A58F9A2009532E3 /* CaptureViewController.swift */ = {isa = PBXFileReference; fileEncoding = 4; lastKnownFileType = sourcecode.swift; path = CaptureViewController.swift; sourceTree = "<group>"; };
		A126599A1A590C1B009532E3 /* capture.png */ = {isa = PBXFileReference; lastKnownFileType = image.png; path = capture.png; sourceTree = "<group>"; };
		A14211DE1A8C1BD600ACA392 /* venmo.png */ = {isa = PBXFileReference; lastKnownFileType = image.png; path = venmo.png; sourceTree = "<group>"; };
		A14211E81A8C248E00ACA392 /* Bridge-Header.h */ = {isa = PBXFileReference; lastKnownFileType = sourcecode.c.h; path = "Bridge-Header.h"; sourceTree = "<group>"; };
		A14DC87A1AE566B0003E9262 /* ExistingUserLogInViewController.swift */ = {isa = PBXFileReference; fileEncoding = 4; lastKnownFileType = sourcecode.swift; path = ExistingUserLogInViewController.swift; sourceTree = "<group>"; };
		A15399E91AD6ED6300987518 /* AddFriendToItemViewCell.swift */ = {isa = PBXFileReference; fileEncoding = 4; lastKnownFileType = sourcecode.swift; path = AddFriendToItemViewCell.swift; sourceTree = "<group>"; };
		A158C88A1ACDCA0A00FD3C36 /* AddFriendsToTabViewController.swift */ = {isa = PBXFileReference; fileEncoding = 4; lastKnownFileType = sourcecode.swift; path = AddFriendsToTabViewController.swift; sourceTree = "<group>"; };
		A158C88C1ACDCA3700FD3C36 /* AddFriendsToItemViewController.swift */ = {isa = PBXFileReference; fileEncoding = 4; lastKnownFileType = sourcecode.swift; path = AddFriendsToItemViewController.swift; sourceTree = "<group>"; };
		A15DC8E51A5CC4BF0094F03E /* PaidViewController.swift */ = {isa = PBXFileReference; fileEncoding = 4; lastKnownFileType = sourcecode.swift; path = PaidViewController.swift; sourceTree = "<group>"; };
		A167FC401A93AEE40025B5CF /* AudioToolbox.framework */ = {isa = PBXFileReference; lastKnownFileType = wrapper.framework; name = AudioToolbox.framework; path = System/Library/Frameworks/AudioToolbox.framework; sourceTree = SDKROOT; };
		A167FC421A93AEEA0025B5CF /* CFNetwork.framework */ = {isa = PBXFileReference; lastKnownFileType = wrapper.framework; name = CFNetwork.framework; path = System/Library/Frameworks/CFNetwork.framework; sourceTree = SDKROOT; };
		A167FC441A93AEF20025B5CF /* CoreGraphics.framework */ = {isa = PBXFileReference; lastKnownFileType = wrapper.framework; name = CoreGraphics.framework; path = System/Library/Frameworks/CoreGraphics.framework; sourceTree = SDKROOT; };
		A167FC461A93AEF90025B5CF /* CoreLocation.framework */ = {isa = PBXFileReference; lastKnownFileType = wrapper.framework; name = CoreLocation.framework; path = System/Library/Frameworks/CoreLocation.framework; sourceTree = SDKROOT; };
		A167FC481A93AF020025B5CF /* MobileCoreServices.framework */ = {isa = PBXFileReference; lastKnownFileType = wrapper.framework; name = MobileCoreServices.framework; path = System/Library/Frameworks/MobileCoreServices.framework; sourceTree = SDKROOT; };
		A167FC4A1A93AF0B0025B5CF /* QuartzCore.framework */ = {isa = PBXFileReference; lastKnownFileType = wrapper.framework; name = QuartzCore.framework; path = System/Library/Frameworks/QuartzCore.framework; sourceTree = SDKROOT; };
		A167FC4C1A93AF110025B5CF /* Security.framework */ = {isa = PBXFileReference; lastKnownFileType = wrapper.framework; name = Security.framework; path = System/Library/Frameworks/Security.framework; sourceTree = SDKROOT; };
		A167FC4E1A93AF170025B5CF /* StoreKit.framework */ = {isa = PBXFileReference; lastKnownFileType = wrapper.framework; name = StoreKit.framework; path = System/Library/Frameworks/StoreKit.framework; sourceTree = SDKROOT; };
		A167FC501A93AF200025B5CF /* SystemConfiguration.framework */ = {isa = PBXFileReference; lastKnownFileType = wrapper.framework; name = SystemConfiguration.framework; path = System/Library/Frameworks/SystemConfiguration.framework; sourceTree = SDKROOT; };
		A167FC521A93AF2D0025B5CF /* libz.dylib */ = {isa = PBXFileReference; lastKnownFileType = "compiled.mach-o.dylib"; name = libz.dylib; path = usr/lib/libz.dylib; sourceTree = SDKROOT; };
		A167FC541A93AF340025B5CF /* libsqlite3.dylib */ = {isa = PBXFileReference; lastKnownFileType = "compiled.mach-o.dylib"; name = libsqlite3.dylib; path = usr/lib/libsqlite3.dylib; sourceTree = SDKROOT; };
		A167FC561A93B36E0025B5CF /* libstdc++.6.dylib */ = {isa = PBXFileReference; lastKnownFileType = "compiled.mach-o.dylib"; name = "libstdc++.6.dylib"; path = "usr/lib/libstdc++.6.dylib"; sourceTree = SDKROOT; };
		A167FC581A93B3A40025B5CF /* libsqlite3.0.dylib */ = {isa = PBXFileReference; lastKnownFileType = "compiled.mach-o.dylib"; name = libsqlite3.0.dylib; path = usr/lib/libsqlite3.0.dylib; sourceTree = SDKROOT; };
		A167FC5A1A93B3AD0025B5CF /* libz.1.1.3.dylib */ = {isa = PBXFileReference; lastKnownFileType = "compiled.mach-o.dylib"; name = libz.1.1.3.dylib; path = usr/lib/libz.1.1.3.dylib; sourceTree = SDKROOT; };
		A167FC701A93B5B70025B5CF /* UIKit.framework */ = {isa = PBXFileReference; lastKnownFileType = wrapper.framework; name = UIKit.framework; path = System/Library/Frameworks/UIKit.framework; sourceTree = SDKROOT; };
		A167FC721A93B5C30025B5CF /* Foundation.framework */ = {isa = PBXFileReference; lastKnownFileType = wrapper.framework; name = Foundation.framework; path = System/Library/Frameworks/Foundation.framework; sourceTree = SDKROOT; };
		A167FC741A93B67E0025B5CF /* Social.framework */ = {isa = PBXFileReference; lastKnownFileType = wrapper.framework; name = Social.framework; path = System/Library/Frameworks/Social.framework; sourceTree = SDKROOT; };
		A167FC761A93B6A60025B5CF /* Accounts.framework */ = {isa = PBXFileReference; lastKnownFileType = wrapper.framework; name = Accounts.framework; path = System/Library/Frameworks/Accounts.framework; sourceTree = SDKROOT; };
		A16940F31A61A1F400903CFF /* ProfileViewController.swift */ = {isa = PBXFileReference; fileEncoding = 4; lastKnownFileType = sourcecode.swift; path = ProfileViewController.swift; sourceTree = "<group>"; };
		A16940F71A6214F400903CFF /* FacebookConnectViewController.swift */ = {isa = PBXFileReference; fileEncoding = 4; lastKnownFileType = sourcecode.swift; path = FacebookConnectViewController.swift; sourceTree = "<group>"; };
		A16FBB951A9D18F900EE97E8 /* icon_c.png */ = {isa = PBXFileReference; lastKnownFileType = image.png; path = icon_c.png; sourceTree = "<group>"; };
		A16FBB971A9D1D1900EE97E8 /* CurrentChecksViewCell.swift */ = {isa = PBXFileReference; fileEncoding = 4; lastKnownFileType = sourcecode.swift; path = CurrentChecksViewCell.swift; sourceTree = "<group>"; };
		A17089161AEEDDA400EF5844 /* Main.storyboard */ = {isa = PBXFileReference; fileEncoding = 4; lastKnownFileType = file.storyboard; path = Main.storyboard; sourceTree = "<group>"; };
		A170891A1AEEEEA400EF5844 /* TipViewCell.swift */ = {isa = PBXFileReference; fileEncoding = 4; lastKnownFileType = sourcecode.swift; path = TipViewCell.swift; sourceTree = "<group>"; };
		A1719D7F1AEC172900820BD1 /* PaidViewCell.swift */ = {isa = PBXFileReference; fileEncoding = 4; lastKnownFileType = sourcecode.swift; path = PaidViewCell.swift; sourceTree = "<group>"; };
		A189FBBE1AFE4F0B00520ECC /* Launch Screen.xib */ = {isa = PBXFileReference; fileEncoding = 4; lastKnownFileType = file.xib; path = "Launch Screen.xib"; sourceTree = "<group>"; };
		A189FBC01AFE4F8500520ECC /* SplitPea Launch 640x960.png */ = {isa = PBXFileReference; lastKnownFileType = image.png; path = "SplitPea Launch 640x960.png"; sourceTree = "<group>"; };
		A189FBC21AFE4F9600520ECC /* SplitPea Launch 640x1136.png */ = {isa = PBXFileReference; lastKnownFileType = image.png; path = "SplitPea Launch 640x1136.png"; sourceTree = "<group>"; };
		A189FBC41AFE8AC900520ECC /* JSSAlertView.swift */ = {isa = PBXFileReference; fileEncoding = 4; lastKnownFileType = sourcecode.swift; path = JSSAlertView.swift; sourceTree = "<group>"; };
		A189FBC61AFE8FE200520ECC /* lightbulb.png */ = {isa = PBXFileReference; lastKnownFileType = image.png; path = lightbulb.png; sourceTree = "<group>"; };
		A189FBC81AFE9C8000520ECC /* error.png */ = {isa = PBXFileReference; lastKnownFileType = image.png; path = error.png; sourceTree = "<group>"; };
		A189FBCA1AFE9FE200520ECC /* success.png */ = {isa = PBXFileReference; lastKnownFileType = image.png; path = success.png; sourceTree = "<group>"; };
		A189FBCE1AFEA53D00520ECC /* ItemViewCell.swift */ = {isa = PBXFileReference; fileEncoding = 4; lastKnownFileType = sourcecode.swift; path = ItemViewCell.swift; sourceTree = "<group>"; };
		A189FBD01AFEA56C00520ECC /* AddItemViewController.swift */ = {isa = PBXFileReference; fileEncoding = 4; lastKnownFileType = sourcecode.swift; path = AddItemViewController.swift; sourceTree = "<group>"; };
		A18F50321A8E6ED1009B8956 /* SplitPea-Bridging-Header.h */ = {isa = PBXFileReference; lastKnownFileType = sourcecode.c.h; path = "SplitPea-Bridging-Header.h"; sourceTree = "<group>"; };
		A18F50331A8E73A5009B8956 /* VenmoLoginViewController.h */ = {isa = PBXFileReference; fileEncoding = 4; lastKnownFileType = sourcecode.c.h; path = VenmoLoginViewController.h; sourceTree = "<group>"; };
		A18F50341A8E757B009B8956 /* VenmoLoginViewController.m */ = {isa = PBXFileReference; fileEncoding = 4; lastKnownFileType = sourcecode.c.objc; path = VenmoLoginViewController.m; sourceTree = "<group>"; };
		A18F50381A8EA473009B8956 /* SignUpViewController.swift */ = {isa = PBXFileReference; fileEncoding = 4; lastKnownFileType = sourcecode.swift; path = SignUpViewController.swift; sourceTree = "<group>"; };
		A18F503C1A8EB285009B8956 /* icon_w.png */ = {isa = PBXFileReference; lastKnownFileType = image.png; path = icon_w.png; sourceTree = "<group>"; };
		A18F503E1A8ED60D009B8956 /* VenmoLoggedOutViewController.m */ = {isa = PBXFileReference; fileEncoding = 4; lastKnownFileType = sourcecode.c.objc; path = VenmoLoggedOutViewController.m; sourceTree = "<group>"; };
		A18F50401A8ED664009B8956 /* VenmoLoggedOutViewController.h */ = {isa = PBXFileReference; fileEncoding = 4; lastKnownFileType = sourcecode.c.h; path = VenmoLoggedOutViewController.h; sourceTree = "<group>"; };
		A19BE01A1AFAA5FC0057E0DE /* landing.jpg */ = {isa = PBXFileReference; lastKnownFileType = image.jpeg; path = landing.jpg; sourceTree = "<group>"; };
		A19BE01E1AFAB2DC0057E0DE /* peas.png */ = {isa = PBXFileReference; lastKnownFileType = image.png; path = peas.png; sourceTree = "<group>"; };
		A19BE0201AFD95E00057E0DE /* pea_graph.png */ = {isa = PBXFileReference; lastKnownFileType = image.png; path = pea_graph.png; sourceTree = "<group>"; };
		A1BE640819A500AE0086A868 /* SplitPea.app */ = {isa = PBXFileReference; explicitFileType = wrapper.application; includeInIndex = 0; path = SplitPea.app; sourceTree = BUILT_PRODUCTS_DIR; };
		A1BE640C19A500AE0086A868 /* Info.plist */ = {isa = PBXFileReference; lastKnownFileType = text.plist.xml; path = Info.plist; sourceTree = "<group>"; };
		A1BE640D19A500AE0086A868 /* AppDelegate.swift */ = {isa = PBXFileReference; lastKnownFileType = sourcecode.swift; path = AppDelegate.swift; sourceTree = "<group>"; };
		A1BE640F19A500AE0086A868 /* ViewController.swift */ = {isa = PBXFileReference; lastKnownFileType = sourcecode.swift; path = ViewController.swift; sourceTree = "<group>"; };
		A1BE641419A500AE0086A868 /* Images.xcassets */ = {isa = PBXFileReference; lastKnownFileType = folder.assetcatalog; path = Images.xcassets; sourceTree = "<group>"; };
		A1BE641A19A500AE0086A868 /* SplitPeaTests.xctest */ = {isa = PBXFileReference; explicitFileType = wrapper.cfbundle; includeInIndex = 0; path = SplitPeaTests.xctest; sourceTree = BUILT_PRODUCTS_DIR; };
		A1BE641F19A500AE0086A868 /* Info.plist */ = {isa = PBXFileReference; lastKnownFileType = text.plist.xml; path = Info.plist; sourceTree = "<group>"; };
		A1BE642019A500AE0086A868 /* SplitPeaTests.swift */ = {isa = PBXFileReference; lastKnownFileType = sourcecode.swift; path = SplitPeaTests.swift; sourceTree = "<group>"; };
		A1BE642C19AB87100086A868 /* SplitPea.entitlements */ = {isa = PBXFileReference; lastKnownFileType = text.xml; path = SplitPea.entitlements; sourceTree = "<group>"; };
		A1BE643919AFDBB70086A868 /* Default.png */ = {isa = PBXFileReference; lastKnownFileType = image.png; path = Default.png; sourceTree = "<group>"; };
		A1BE643F19AFDD460086A868 /* Default@2x.png */ = {isa = PBXFileReference; lastKnownFileType = image.png; path = "Default@2x.png"; sourceTree = "<group>"; };
		A1C5C92D1A93BF7300274CBC /* libPods-SplitPea-Parse.a */ = {isa = PBXFileReference; lastKnownFileType = archive.ar; name = "libPods-SplitPea-Parse.a"; path = "Pods/build/Debug-iphoneos/libPods-SplitPea-Parse.a"; sourceTree = "<group>"; };
		A1C5C9301A93C36A00274CBC /* Parse.framework */ = {isa = PBXFileReference; lastKnownFileType = wrapper.framework; path = Parse.framework; sourceTree = "<group>"; };
		A1D6A9CE1A5E0A19004A1934 /* settings.png */ = {isa = PBXFileReference; lastKnownFileType = image.png; path = settings.png; sourceTree = "<group>"; };
		A1D6A9D41A5EE0D4004A1934 /* SettingsTableViewController.swift */ = {isa = PBXFileReference; fileEncoding = 4; lastKnownFileType = sourcecode.swift; path = SettingsTableViewController.swift; sourceTree = "<group>"; };
		A1D6A9D81A5EFB33004A1934 /* SettingsBar.swift */ = {isa = PBXFileReference; fileEncoding = 4; lastKnownFileType = sourcecode.swift; path = SettingsBar.swift; sourceTree = "<group>"; };
		A1D6A9DA1A5F20E4004A1934 /* CurrentChecksViewController.swift */ = {isa = PBXFileReference; fileEncoding = 4; lastKnownFileType = sourcecode.swift; path = CurrentChecksViewController.swift; sourceTree = "<group>"; };
		A1DEAEBB1ACDD73F0032ED01 /* AddFriendViewCell.swift */ = {isa = PBXFileReference; fileEncoding = 4; lastKnownFileType = sourcecode.swift; name = AddFriendViewCell.swift; path = Images.xcassets/AddFriendViewCell.swift; sourceTree = "<group>"; };
		A1F914BA1AB61BE60036039A /* FriendsCollectionViewCell.swift */ = {isa = PBXFileReference; fileEncoding = 4; lastKnownFileType = sourcecode.swift; path = FriendsCollectionViewCell.swift; sourceTree = "<group>"; };
		A1F9CE791A570D5600176E38 /* ItemViewController.swift */ = {isa = PBXFileReference; fileEncoding = 4; lastKnownFileType = sourcecode.swift; path = ItemViewController.swift; sourceTree = "<group>"; };
		E7F1177FD5C175CC04DF7C79 /* Pods-SplitPea.release.xcconfig */ = {isa = PBXFileReference; includeInIndex = 1; lastKnownFileType = text.xcconfig; name = "Pods-SplitPea.release.xcconfig"; path = "Pods/Target Support Files/Pods-SplitPea/Pods-SplitPea.release.xcconfig"; sourceTree = "<group>"; };
		EED3640C787B1439E645EC57 /* Pods-SplitPea.debug.xcconfig */ = {isa = PBXFileReference; includeInIndex = 1; lastKnownFileType = text.xcconfig; name = "Pods-SplitPea.debug.xcconfig"; path = "Pods/Target Support Files/Pods-SplitPea/Pods-SplitPea.debug.xcconfig"; sourceTree = "<group>"; };
/* End PBXFileReference section */

/* Begin PBXFrameworksBuildPhase section */
		A1BE640519A500AE0086A868 /* Frameworks */ = {
			isa = PBXFrameworksBuildPhase;
			buildActionMask = 2147483647;
			files = (
				A1C5C92A1A93BBA900274CBC /* libz.dylib in Frameworks */,
				A1C5C9291A93BB9C00274CBC /* libsqlite3.dylib in Frameworks */,
				A167FC7A1A93B80F0025B5CF /* Social.framework in Frameworks */,
				A1C5C9281A93B89F00274CBC /* Accounts.framework in Frameworks */,
				A167FC411A93AEE40025B5CF /* AudioToolbox.framework in Frameworks */,
				A167FC431A93AEEA0025B5CF /* CFNetwork.framework in Frameworks */,
				A1C5C9311A93C36A00274CBC /* Parse.framework in Frameworks */,
				A167FC451A93AEF20025B5CF /* CoreGraphics.framework in Frameworks */,
				A167FC471A93AEF90025B5CF /* CoreLocation.framework in Frameworks */,
				A167FC491A93AF020025B5CF /* MobileCoreServices.framework in Frameworks */,
				A167FC4B1A93AF0B0025B5CF /* QuartzCore.framework in Frameworks */,
				A167FC4D1A93AF110025B5CF /* Security.framework in Frameworks */,
				A167FC4F1A93AF170025B5CF /* StoreKit.framework in Frameworks */,
				A167FC511A93AF200025B5CF /* SystemConfiguration.framework in Frameworks */,
				A167FC571A93B36E0025B5CF /* libstdc++.6.dylib in Frameworks */,
				90F854DB944FE269376D59F5 /* libPods-SplitPea.a in Frameworks */,
			);
			runOnlyForDeploymentPostprocessing = 0;
		};
		A1BE641719A500AE0086A868 /* Frameworks */ = {
			isa = PBXFrameworksBuildPhase;
			buildActionMask = 2147483647;
			files = (
				2228BA5E48418C75FD289954 /* libPods-SplitPeaTests.a in Frameworks */,
			);
			runOnlyForDeploymentPostprocessing = 0;
		};
/* End PBXFrameworksBuildPhase section */

/* Begin PBXGroup section */
		60FE6BBBEDFF65268BF7D0B2 /* Pods */ = {
			isa = PBXGroup;
			children = (
				EED3640C787B1439E645EC57 /* Pods-SplitPea.debug.xcconfig */,
				E7F1177FD5C175CC04DF7C79 /* Pods-SplitPea.release.xcconfig */,
				16542C287A94198FE697D549 /* Pods-SplitPeaTests.debug.xcconfig */,
				84F9837BC73CA16338DC1F60 /* Pods-SplitPeaTests.release.xcconfig */,
			);
			name = Pods;
			sourceTree = "<group>";
		};
		A1BE63FF19A500AE0086A868 = {
			isa = PBXGroup;
			children = (
				A19BE01E1AFAB2DC0057E0DE /* peas.png */,
				A19BE0201AFD95E00057E0DE /* pea_graph.png */,
				A18F503C1A8EB285009B8956 /* icon_w.png */,
				A16FBB951A9D18F900EE97E8 /* icon_c.png */,
				A1BE643919AFDBB70086A868 /* Default.png */,
				A1BE643F19AFDD460086A868 /* Default@2x.png */,
				A19BE01A1AFAA5FC0057E0DE /* landing.jpg */,
				A14211DE1A8C1BD600ACA392 /* venmo.png */,
				A1D6A9CE1A5E0A19004A1934 /* settings.png */,
				A126599A1A590C1B009532E3 /* capture.png */,
				A189FBC61AFE8FE200520ECC /* lightbulb.png */,
				A189FBC81AFE9C8000520ECC /* error.png */,
				A189FBCA1AFE9FE200520ECC /* success.png */,
				A189FBC01AFE4F8500520ECC /* SplitPea Launch 640x960.png */,
				A189FBC21AFE4F9600520ECC /* SplitPea Launch 640x1136.png */,
				A1C5C9301A93C36A00274CBC /* Parse.framework */,
				A1BE640A19A500AE0086A868 /* SplitPea */,
				A1BE641D19A500AE0086A868 /* SplitPeaTests */,
				A1BE640919A500AE0086A868 /* Products */,
				60FE6BBBEDFF65268BF7D0B2 /* Pods */,
				BBEECD201CE1FF4C22D1F209 /* Frameworks */,
			);
			sourceTree = "<group>";
		};
		A1BE640919A500AE0086A868 /* Products */ = {
			isa = PBXGroup;
			children = (
				A1BE640819A500AE0086A868 /* SplitPea.app */,
				A1BE641A19A500AE0086A868 /* SplitPeaTests.xctest */,
			);
			name = Products;
			sourceTree = "<group>";
		};
		A1BE640A19A500AE0086A868 /* SplitPea */ = {
			isa = PBXGroup;
			children = (
				A1BE642C19AB87100086A868 /* SplitPea.entitlements */,
				A1BE640D19A500AE0086A868 /* AppDelegate.swift */,
				A1BE640F19A500AE0086A868 /* ViewController.swift */,
				A14DC87A1AE566B0003E9262 /* ExistingUserLogInViewController.swift */,
				A16940F31A61A1F400903CFF /* ProfileViewController.swift */,
				A1D6A9D41A5EE0D4004A1934 /* SettingsTableViewController.swift */,
				A1D6A9D81A5EFB33004A1934 /* SettingsBar.swift */,
				A18F50381A8EA473009B8956 /* SignUpViewController.swift */,
				A16940F71A6214F400903CFF /* FacebookConnectViewController.swift */,
				A16FBB971A9D1D1900EE97E8 /* CurrentChecksViewCell.swift */,
				A1D6A9DA1A5F20E4004A1934 /* CurrentChecksViewController.swift */,
				A12659961A58F9A2009532E3 /* CaptureViewController.swift */,
				A1F914BA1AB61BE60036039A /* FriendsCollectionViewCell.swift */,
				A1DEAEBB1ACDD73F0032ED01 /* AddFriendViewCell.swift */,
				A158C88A1ACDCA0A00FD3C36 /* AddFriendsToTabViewController.swift */,
				A15399E91AD6ED6300987518 /* AddFriendToItemViewCell.swift */,
				A158C88C1ACDCA3700FD3C36 /* AddFriendsToItemViewController.swift */,
				A170891A1AEEEEA400EF5844 /* TipViewCell.swift */,
				A189FBD01AFEA56C00520ECC /* AddItemViewController.swift */,
				A189FBCE1AFEA53D00520ECC /* ItemViewCell.swift */,
				A1F9CE791A570D5600176E38 /* ItemViewController.swift */,
				A1719D7F1AEC172900820BD1 /* PaidViewCell.swift */,
				A15DC8E51A5CC4BF0094F03E /* PaidViewController.swift */,
				A189FBC41AFE8AC900520ECC /* JSSAlertView.swift */,
				A17089161AEEDDA400EF5844 /* Main.storyboard */,
				A189FBBE1AFE4F0B00520ECC /* Launch Screen.xib */,
				A14211E81A8C248E00ACA392 /* Bridge-Header.h */,
				A18F50331A8E73A5009B8956 /* VenmoLoginViewController.h */,
				A18F50341A8E757B009B8956 /* VenmoLoginViewController.m */,
				A18F503E1A8ED60D009B8956 /* VenmoLoggedOutViewController.m */,
				A18F50401A8ED664009B8956 /* VenmoLoggedOutViewController.h */,
				A18F50321A8E6ED1009B8956 /* SplitPea-Bridging-Header.h */,
				A1BE641419A500AE0086A868 /* Images.xcassets */,
				A1BE640B19A500AE0086A868 /* Supporting Files */,
			);
			path = SplitPea;
			sourceTree = "<group>";
		};
		A1BE640B19A500AE0086A868 /* Supporting Files */ = {
			isa = PBXGroup;
			children = (
				A1BE640C19A500AE0086A868 /* Info.plist */,
			);
			name = "Supporting Files";
			sourceTree = "<group>";
		};
		A1BE641D19A500AE0086A868 /* SplitPeaTests */ = {
			isa = PBXGroup;
			children = (
				A1BE642019A500AE0086A868 /* SplitPeaTests.swift */,
				A1BE641E19A500AE0086A868 /* Supporting Files */,
			);
			path = SplitPeaTests;
			sourceTree = "<group>";
		};
		A1BE641E19A500AE0086A868 /* Supporting Files */ = {
			isa = PBXGroup;
			children = (
				A1BE641F19A500AE0086A868 /* Info.plist */,
			);
			name = "Supporting Files";
			sourceTree = "<group>";
		};
		BBEECD201CE1FF4C22D1F209 /* Frameworks */ = {
			isa = PBXGroup;
			children = (
				A1C5C92D1A93BF7300274CBC /* libPods-SplitPea-Parse.a */,
				A167FC761A93B6A60025B5CF /* Accounts.framework */,
				A167FC741A93B67E0025B5CF /* Social.framework */,
				A167FC721A93B5C30025B5CF /* Foundation.framework */,
				A167FC701A93B5B70025B5CF /* UIKit.framework */,
				A167FC5A1A93B3AD0025B5CF /* libz.1.1.3.dylib */,
				A167FC581A93B3A40025B5CF /* libsqlite3.0.dylib */,
				A167FC561A93B36E0025B5CF /* libstdc++.6.dylib */,
				A167FC541A93AF340025B5CF /* libsqlite3.dylib */,
				A167FC521A93AF2D0025B5CF /* libz.dylib */,
				A167FC501A93AF200025B5CF /* SystemConfiguration.framework */,
				A167FC4E1A93AF170025B5CF /* StoreKit.framework */,
				A167FC4C1A93AF110025B5CF /* Security.framework */,
				A167FC4A1A93AF0B0025B5CF /* QuartzCore.framework */,
				A167FC481A93AF020025B5CF /* MobileCoreServices.framework */,
				A167FC461A93AEF90025B5CF /* CoreLocation.framework */,
				A167FC441A93AEF20025B5CF /* CoreGraphics.framework */,
				A167FC421A93AEEA0025B5CF /* CFNetwork.framework */,
				A167FC401A93AEE40025B5CF /* AudioToolbox.framework */,
				61A86BB25945254F119A401F /* libPods-SplitPea.a */,
				37A6498F1B0738BB0A401C40 /* libPods-SplitPeaTests.a */,
			);
			name = Frameworks;
			sourceTree = "<group>";
		};
/* End PBXGroup section */

/* Begin PBXNativeTarget section */
		A1BE640719A500AE0086A868 /* SplitPea */ = {
			isa = PBXNativeTarget;
			buildConfigurationList = A1BE642419A500AE0086A868 /* Build configuration list for PBXNativeTarget "SplitPea" */;
			buildPhases = (
				3F063CF97D4311ECFCAE8E9A /* Check Pods Manifest.lock */,
				A1BE640419A500AE0086A868 /* Sources */,
				A1BE640519A500AE0086A868 /* Frameworks */,
				A1BE640619A500AE0086A868 /* Resources */,
				2785AFC8146A930549C867DA /* Copy Pods Resources */,
			);
			buildRules = (
			);
			dependencies = (
			);
			name = SplitPea;
			productName = SplitPea;
			productReference = A1BE640819A500AE0086A868 /* SplitPea.app */;
			productType = "com.apple.product-type.application";
		};
		A1BE641919A500AE0086A868 /* SplitPeaTests */ = {
			isa = PBXNativeTarget;
			buildConfigurationList = A1BE642719A500AE0086A868 /* Build configuration list for PBXNativeTarget "SplitPeaTests" */;
			buildPhases = (
				55DB4C6C972E51484C20A498 /* Check Pods Manifest.lock */,
				A1BE641619A500AE0086A868 /* Sources */,
				A1BE641719A500AE0086A868 /* Frameworks */,
				A1BE641819A500AE0086A868 /* Resources */,
				4CD72F9482D95C4F2C1B4171 /* Copy Pods Resources */,
			);
			buildRules = (
			);
			dependencies = (
				A1BE641C19A500AE0086A868 /* PBXTargetDependency */,
			);
			name = SplitPeaTests;
			productName = SplitPeaTests;
			productReference = A1BE641A19A500AE0086A868 /* SplitPeaTests.xctest */;
			productType = "com.apple.product-type.bundle.unit-test";
		};
/* End PBXNativeTarget section */

/* Begin PBXProject section */
		A1BE640019A500AE0086A868 /* Project object */ = {
			isa = PBXProject;
			attributes = {
				LastUpgradeCheck = 0610;
				ORGANIZATIONNAME = OkraLabs;
				TargetAttributes = {
					A1BE640719A500AE0086A868 = {
						CreatedOnToolsVersion = 6.0;
						DevelopmentTeam = V27S27467U;
						SystemCapabilities = {
							com.apple.ApplicationGroups.iOS = {
								enabled = 0;
							};
							com.apple.BackgroundModes = {
								enabled = 1;
							};
							com.apple.DataProtection = {
								enabled = 1;
							};
							com.apple.InAppPurchase = {
								enabled = 0;
							};
							com.apple.Keychain = {
								enabled = 1;
							};
							com.apple.OMC = {
								enabled = 0;
							};
							com.apple.iCloud = {
								enabled = 0;
							};
						};
					};
					A1BE641919A500AE0086A868 = {
						CreatedOnToolsVersion = 6.0;
						TestTargetID = A1BE640719A500AE0086A868;
					};
				};
			};
			buildConfigurationList = A1BE640319A500AE0086A868 /* Build configuration list for PBXProject "SplitPea" */;
			compatibilityVersion = "Xcode 3.2";
			developmentRegion = English;
			hasScannedForEncodings = 0;
			knownRegions = (
				en,
				Base,
			);
			mainGroup = A1BE63FF19A500AE0086A868;
			productRefGroup = A1BE640919A500AE0086A868 /* Products */;
			projectDirPath = "";
			projectRoot = "";
			targets = (
				A1BE640719A500AE0086A868 /* SplitPea */,
				A1BE641919A500AE0086A868 /* SplitPeaTests */,
			);
		};
/* End PBXProject section */

/* Begin PBXResourcesBuildPhase section */
		A1BE640619A500AE0086A868 /* Resources */ = {
			isa = PBXResourcesBuildPhase;
			buildActionMask = 2147483647;
			files = (
				A189FBC91AFE9C8100520ECC /* error.png in Resources */,
				A189FBCB1AFE9FE200520ECC /* success.png in Resources */,
				A1BE644019AFDD460086A868 /* Default@2x.png in Resources */,
				A1BE643B19AFDBB70086A868 /* Default.png in Resources */,
				A16FBB961A9D18F900EE97E8 /* icon_c.png in Resources */,
				A126599B1A590C1B009532E3 /* capture.png in Resources */,
				A17089171AEEDDA400EF5844 /* Main.storyboard in Resources */,
				A14211E01A8C1BD600ACA392 /* venmo.png in Resources */,
				A19BE01F1AFAB2DC0057E0DE /* peas.png in Resources */,
				A1D6A9CF1A5E0A19004A1934 /* settings.png in Resources */,
				A189FBC11AFE4F8500520ECC /* SplitPea Launch 640x960.png in Resources */,
				A189FBC31AFE4F9600520ECC /* SplitPea Launch 640x1136.png in Resources */,
				A1BE641519A500AE0086A868 /* Images.xcassets in Resources */,
				A189FBBF1AFE4F0B00520ECC /* Launch Screen.xib in Resources */,
				A19BE01B1AFAA5FC0057E0DE /* landing.jpg in Resources */,
				A189FBC71AFE8FE200520ECC /* lightbulb.png in Resources */,
				A18F503D1A8EB285009B8956 /* icon_w.png in Resources */,
				A19BE0211AFD95E10057E0DE /* pea_graph.png in Resources */,
			);
			runOnlyForDeploymentPostprocessing = 0;
		};
		A1BE641819A500AE0086A868 /* Resources */ = {
			isa = PBXResourcesBuildPhase;
			buildActionMask = 2147483647;
			files = (
			);
			runOnlyForDeploymentPostprocessing = 0;
		};
/* End PBXResourcesBuildPhase section */

/* Begin PBXShellScriptBuildPhase section */
		2785AFC8146A930549C867DA /* Copy Pods Resources */ = {
			isa = PBXShellScriptBuildPhase;
			buildActionMask = 2147483647;
			files = (
			);
			inputPaths = (
			);
			name = "Copy Pods Resources";
			outputPaths = (
			);
			runOnlyForDeploymentPostprocessing = 0;
			shellPath = /bin/sh;
			shellScript = "\"${SRCROOT}/Pods/Target Support Files/Pods-SplitPea/Pods-SplitPea-resources.sh\"\n";
			showEnvVarsInLog = 0;
		};
		3F063CF97D4311ECFCAE8E9A /* Check Pods Manifest.lock */ = {
			isa = PBXShellScriptBuildPhase;
			buildActionMask = 2147483647;
			files = (
			);
			inputPaths = (
			);
			name = "Check Pods Manifest.lock";
			outputPaths = (
			);
			runOnlyForDeploymentPostprocessing = 0;
			shellPath = /bin/sh;
			shellScript = "diff \"${PODS_ROOT}/../Podfile.lock\" \"${PODS_ROOT}/Manifest.lock\" > /dev/null\nif [[ $? != 0 ]] ; then\n    cat << EOM\nerror: The sandbox is not in sync with the Podfile.lock. Run 'pod install' or update your CocoaPods installation.\nEOM\n    exit 1\nfi\n";
			showEnvVarsInLog = 0;
		};
		4CD72F9482D95C4F2C1B4171 /* Copy Pods Resources */ = {
			isa = PBXShellScriptBuildPhase;
			buildActionMask = 2147483647;
			files = (
			);
			inputPaths = (
			);
			name = "Copy Pods Resources";
			outputPaths = (
			);
			runOnlyForDeploymentPostprocessing = 0;
			shellPath = /bin/sh;
			shellScript = "\"${SRCROOT}/Pods/Target Support Files/Pods-SplitPeaTests/Pods-SplitPeaTests-resources.sh\"\n";
			showEnvVarsInLog = 0;
		};
		55DB4C6C972E51484C20A498 /* Check Pods Manifest.lock */ = {
			isa = PBXShellScriptBuildPhase;
			buildActionMask = 2147483647;
			files = (
			);
			inputPaths = (
			);
			name = "Check Pods Manifest.lock";
			outputPaths = (
			);
			runOnlyForDeploymentPostprocessing = 0;
			shellPath = /bin/sh;
			shellScript = "diff \"${PODS_ROOT}/../Podfile.lock\" \"${PODS_ROOT}/Manifest.lock\" > /dev/null\nif [[ $? != 0 ]] ; then\n    cat << EOM\nerror: The sandbox is not in sync with the Podfile.lock. Run 'pod install' or update your CocoaPods installation.\nEOM\n    exit 1\nfi\n";
			showEnvVarsInLog = 0;
		};
/* End PBXShellScriptBuildPhase section */

/* Begin PBXSourcesBuildPhase section */
		A1BE640419A500AE0086A868 /* Sources */ = {
			isa = PBXSourcesBuildPhase;
			buildActionMask = 2147483647;
			files = (
				A189FBCF1AFEA53D00520ECC /* ItemViewCell.swift in Sources */,
				A189FBC51AFE8AC900520ECC /* JSSAlertView.swift in Sources */,
				A15DC8E61A5CC4BF0094F03E /* PaidViewController.swift in Sources */,
				A18F503F1A8ED60D009B8956 /* VenmoLoggedOutViewController.m in Sources */,
				A1DEAEBC1ACDD73F0032ED01 /* AddFriendViewCell.swift in Sources */,
				A189FBD11AFEA56C00520ECC /* AddItemViewController.swift in Sources */,
				A1F914BB1AB61BE60036039A /* FriendsCollectionViewCell.swift in Sources */,
				A1D6A9D51A5EE0D4004A1934 /* SettingsTableViewController.swift in Sources */,
				A1BE641019A500AE0086A868 /* ViewController.swift in Sources */,
				A12659971A58F9A2009532E3 /* CaptureViewController.swift in Sources */,
				A16FBB981A9D1D1900EE97E8 /* CurrentChecksViewCell.swift in Sources */,
				A1BE640E19A500AE0086A868 /* AppDelegate.swift in Sources */,
				A14DC87B1AE566B0003E9262 /* ExistingUserLogInViewController.swift in Sources */,
				A18F50351A8E757B009B8956 /* VenmoLoginViewController.m in Sources */,
				A1D6A9DB1A5F20E4004A1934 /* CurrentChecksViewController.swift in Sources */,
				A158C88B1ACDCA0A00FD3C36 /* AddFriendsToTabViewController.swift in Sources */,
				A16940F41A61A1F400903CFF /* ProfileViewController.swift in Sources */,
				A16940F81A6214F400903CFF /* FacebookConnectViewController.swift in Sources */,
				A1D6A9D91A5EFB33004A1934 /* SettingsBar.swift in Sources */,
				A158C88D1ACDCA3700FD3C36 /* AddFriendsToItemViewController.swift in Sources */,
				A18F50391A8EA473009B8956 /* SignUpViewController.swift in Sources */,
				A170891B1AEEEEA400EF5844 /* TipViewCell.swift in Sources */,
				A1719D801AEC172900820BD1 /* PaidViewCell.swift in Sources */,
				A15399EA1AD6ED6300987518 /* AddFriendToItemViewCell.swift in Sources */,
				A1F9CE7A1A570D5600176E38 /* ItemViewController.swift in Sources */,
			);
			runOnlyForDeploymentPostprocessing = 0;
		};
		A1BE641619A500AE0086A868 /* Sources */ = {
			isa = PBXSourcesBuildPhase;
			buildActionMask = 2147483647;
			files = (
				A1BE642119A500AE0086A868 /* SplitPeaTests.swift in Sources */,
			);
			runOnlyForDeploymentPostprocessing = 0;
		};
/* End PBXSourcesBuildPhase section */

/* Begin PBXTargetDependency section */
		A1BE641C19A500AE0086A868 /* PBXTargetDependency */ = {
			isa = PBXTargetDependency;
			target = A1BE640719A500AE0086A868 /* SplitPea */;
			targetProxy = A1BE641B19A500AE0086A868 /* PBXContainerItemProxy */;
		};
/* End PBXTargetDependency section */

/* Begin XCBuildConfiguration section */
		A1BE642219A500AE0086A868 /* Debug */ = {
			isa = XCBuildConfiguration;
			buildSettings = {
				ALWAYS_SEARCH_USER_PATHS = NO;
				CLANG_CXX_LANGUAGE_STANDARD = "gnu++0x";
				CLANG_CXX_LIBRARY = "libc++";
				CLANG_ENABLE_MODULES = YES;
				CLANG_ENABLE_OBJC_ARC = YES;
				CLANG_WARN_BOOL_CONVERSION = YES;
				CLANG_WARN_CONSTANT_CONVERSION = YES;
				CLANG_WARN_DIRECT_OBJC_ISA_USAGE = YES_ERROR;
				CLANG_WARN_EMPTY_BODY = YES;
				CLANG_WARN_ENUM_CONVERSION = YES;
				CLANG_WARN_INT_CONVERSION = YES;
				CLANG_WARN_OBJC_ROOT_CLASS = YES_ERROR;
				CLANG_WARN_UNREACHABLE_CODE = YES;
				CLANG_WARN__DUPLICATE_METHOD_MATCH = YES;
				"CODE_SIGN_IDENTITY[sdk=iphoneos*]" = "iPhone Developer";
				COPY_PHASE_STRIP = NO;
				ENABLE_STRICT_OBJC_MSGSEND = YES;
				FRAMEWORK_SEARCH_PATHS = "$(PROJECT_DIR)";
				GCC_C_LANGUAGE_STANDARD = gnu99;
				GCC_DYNAMIC_NO_PIC = NO;
				GCC_OPTIMIZATION_LEVEL = 0;
				GCC_PREPROCESSOR_DEFINITIONS = (
					"DEBUG=1",
					"$(inherited)",
				);
				GCC_SYMBOLS_PRIVATE_EXTERN = NO;
				GCC_WARN_64_TO_32_BIT_CONVERSION = YES;
				GCC_WARN_ABOUT_RETURN_TYPE = YES_ERROR;
				GCC_WARN_UNDECLARED_SELECTOR = YES;
				GCC_WARN_UNINITIALIZED_AUTOS = YES_AGGRESSIVE;
				GCC_WARN_UNUSED_FUNCTION = YES;
				GCC_WARN_UNUSED_VARIABLE = YES;
				IPHONEOS_DEPLOYMENT_TARGET = 8.1;
				MTL_ENABLE_DEBUG_INFO = YES;
				ONLY_ACTIVE_ARCH = YES;
				OTHER_LDFLAGS = "";
				SDKROOT = iphoneos;
				SWIFT_OBJC_BRIDGING_HEADER = "SplitPea/Bridge-Header.h";
				SWIFT_OPTIMIZATION_LEVEL = "-Onone";
			};
			name = Debug;
		};
		A1BE642319A500AE0086A868 /* Release */ = {
			isa = XCBuildConfiguration;
			buildSettings = {
				ALWAYS_SEARCH_USER_PATHS = NO;
				CLANG_CXX_LANGUAGE_STANDARD = "gnu++0x";
				CLANG_CXX_LIBRARY = "libc++";
				CLANG_ENABLE_MODULES = YES;
				CLANG_ENABLE_OBJC_ARC = YES;
				CLANG_WARN_BOOL_CONVERSION = YES;
				CLANG_WARN_CONSTANT_CONVERSION = YES;
				CLANG_WARN_DIRECT_OBJC_ISA_USAGE = YES_ERROR;
				CLANG_WARN_EMPTY_BODY = YES;
				CLANG_WARN_ENUM_CONVERSION = YES;
				CLANG_WARN_INT_CONVERSION = YES;
				CLANG_WARN_OBJC_ROOT_CLASS = YES_ERROR;
				CLANG_WARN_UNREACHABLE_CODE = YES;
				CLANG_WARN__DUPLICATE_METHOD_MATCH = YES;
				"CODE_SIGN_IDENTITY[sdk=iphoneos*]" = "iPhone Developer";
				COPY_PHASE_STRIP = YES;
				ENABLE_NS_ASSERTIONS = NO;
				ENABLE_STRICT_OBJC_MSGSEND = YES;
				FRAMEWORK_SEARCH_PATHS = "$(PROJECT_DIR)";
				GCC_C_LANGUAGE_STANDARD = gnu99;
				GCC_WARN_64_TO_32_BIT_CONVERSION = YES;
				GCC_WARN_ABOUT_RETURN_TYPE = YES_ERROR;
				GCC_WARN_UNDECLARED_SELECTOR = YES;
				GCC_WARN_UNINITIALIZED_AUTOS = YES_AGGRESSIVE;
				GCC_WARN_UNUSED_FUNCTION = YES;
				GCC_WARN_UNUSED_VARIABLE = YES;
				IPHONEOS_DEPLOYMENT_TARGET = 8.1;
				MTL_ENABLE_DEBUG_INFO = NO;
				OTHER_LDFLAGS = "";
				SDKROOT = iphoneos;
				SWIFT_OBJC_BRIDGING_HEADER = "SplitPea/Bridge-Header.h";
				VALIDATE_PRODUCT = YES;
			};
			name = Release;
		};
		A1BE642519A500AE0086A868 /* Debug */ = {
			isa = XCBuildConfiguration;
			baseConfigurationReference = EED3640C787B1439E645EC57 /* Pods-SplitPea.debug.xcconfig */;
			buildSettings = {
				ASSETCATALOG_COMPILER_APPICON_NAME = AppIcon;
				ASSETCATALOG_COMPILER_LAUNCHIMAGE_NAME = LaunchImage;
				CLANG_ENABLE_MODULES = YES;
				CODE_SIGN_ENTITLEMENTS = SplitPea/SplitPea.entitlements;
				CODE_SIGN_IDENTITY = "iPhone Developer";
				"CODE_SIGN_IDENTITY[sdk=iphoneos*]" = "iPhone Developer";
				FRAMEWORK_SEARCH_PATHS = (
					"$(inherited)",
					"$(PROJECT_DIR)",
				);
				INFOPLIST_FILE = SplitPea/Info.plist;
				IPHONEOS_DEPLOYMENT_TARGET = 7.0;
				LD_RUNPATH_SEARCH_PATHS = "$(inherited) @executable_path/Frameworks";
				LIBRARY_SEARCH_PATHS = "";
				OTHER_LDFLAGS = "$(inherited)";
				OTHER_LIBTOOLFLAGS = "";
				PRODUCT_NAME = "$(TARGET_NAME)";
				PROVISIONING_PROFILE = "";
				SWIFT_OBJC_BRIDGING_HEADER = "SplitPea/Bridge-Header.h";
				SWIFT_OPTIMIZATION_LEVEL = "-Onone";
			};
			name = Debug;
		};
		A1BE642619A500AE0086A868 /* Release */ = {
			isa = XCBuildConfiguration;
			baseConfigurationReference = E7F1177FD5C175CC04DF7C79 /* Pods-SplitPea.release.xcconfig */;
			buildSettings = {
				ASSETCATALOG_COMPILER_APPICON_NAME = AppIcon;
				ASSETCATALOG_COMPILER_LAUNCHIMAGE_NAME = LaunchImage;
				CLANG_ENABLE_MODULES = YES;
				CODE_SIGN_ENTITLEMENTS = SplitPea/SplitPea.entitlements;
				CODE_SIGN_IDENTITY = "iPhone Developer";
				"CODE_SIGN_IDENTITY[sdk=iphoneos*]" = "iPhone Developer";
				FRAMEWORK_SEARCH_PATHS = (
					"$(inherited)",
					"$(PROJECT_DIR)",
				);
				INFOPLIST_FILE = SplitPea/Info.plist;
				IPHONEOS_DEPLOYMENT_TARGET = 7.0;
				LD_RUNPATH_SEARCH_PATHS = "$(inherited) @executable_path/Frameworks";
				LIBRARY_SEARCH_PATHS = "";
				OTHER_LDFLAGS = "$(inherited)";
				OTHER_LIBTOOLFLAGS = "";
				PRODUCT_NAME = "$(TARGET_NAME)";
				PROVISIONING_PROFILE = "";
				SWIFT_OBJC_BRIDGING_HEADER = "SplitPea/Bridge-Header.h";
			};
			name = Release;
		};
		A1BE642819A500AE0086A868 /* Debug */ = {
			isa = XCBuildConfiguration;
			baseConfigurationReference = 16542C287A94198FE697D549 /* Pods-SplitPeaTests.debug.xcconfig */;
			buildSettings = {
				BUNDLE_LOADER = "$(TEST_HOST)";
				FRAMEWORK_SEARCH_PATHS = (
					"$(SDKROOT)/Developer/Library/Frameworks",
					"$(inherited)",
				);
				GCC_PREPROCESSOR_DEFINITIONS = (
					"DEBUG=1",
					"$(inherited)",
				);
				INFOPLIST_FILE = SplitPeaTests/Info.plist;
				LD_RUNPATH_SEARCH_PATHS = "$(inherited) @executable_path/Frameworks @loader_path/Frameworks";
				PRODUCT_NAME = "$(TARGET_NAME)";
				TEST_HOST = "$(BUILT_PRODUCTS_DIR)/SplitPea.app/SplitPea";
			};
			name = Debug;
		};
		A1BE642919A500AE0086A868 /* Release */ = {
			isa = XCBuildConfiguration;
			baseConfigurationReference = 84F9837BC73CA16338DC1F60 /* Pods-SplitPeaTests.release.xcconfig */;
			buildSettings = {
				BUNDLE_LOADER = "$(TEST_HOST)";
				FRAMEWORK_SEARCH_PATHS = (
					"$(SDKROOT)/Developer/Library/Frameworks",
					"$(inherited)",
				);
				INFOPLIST_FILE = SplitPeaTests/Info.plist;
				LD_RUNPATH_SEARCH_PATHS = "$(inherited) @executable_path/Frameworks @loader_path/Frameworks";
				PRODUCT_NAME = "$(TARGET_NAME)";
				TEST_HOST = "$(BUILT_PRODUCTS_DIR)/SplitPea.app/SplitPea";
			};
			name = Release;
		};
/* End XCBuildConfiguration section */

/* Begin XCConfigurationList section */
		A1BE640319A500AE0086A868 /* Build configuration list for PBXProject "SplitPea" */ = {
			isa = XCConfigurationList;
			buildConfigurations = (
				A1BE642219A500AE0086A868 /* Debug */,
				A1BE642319A500AE0086A868 /* Release */,
			);
			defaultConfigurationIsVisible = 0;
			defaultConfigurationName = Release;
		};
		A1BE642419A500AE0086A868 /* Build configuration list for PBXNativeTarget "SplitPea" */ = {
			isa = XCConfigurationList;
			buildConfigurations = (
				A1BE642519A500AE0086A868 /* Debug */,
				A1BE642619A500AE0086A868 /* Release */,
			);
			defaultConfigurationIsVisible = 0;
			defaultConfigurationName = Release;
		};
		A1BE642719A500AE0086A868 /* Build configuration list for PBXNativeTarget "SplitPeaTests" */ = {
			isa = XCConfigurationList;
			buildConfigurations = (
				A1BE642819A500AE0086A868 /* Debug */,
				A1BE642919A500AE0086A868 /* Release */,
			);
			defaultConfigurationIsVisible = 0;
			defaultConfigurationName = Release;
		};
/* End XCConfigurationList section */
	};
	rootObject = A1BE640019A500AE0086A868 /* Project object */;
}
